{
    "_readme": [
        "This file locks the dependencies of your project to a known state",
        "Read more about it at https://getcomposer.org/doc/01-basic-usage.md#composer-lock-the-lock-file",
        "This file is @generated automatically"
    ],
    "content-hash": "9a52417e4e951451d88dbcc390c9cd71",
    "packages": [
        {
            "name": "wienkit/bol-plaza-php-client",
            "version": "2.2.2",
            "source": {
                "type": "git",
                "url": "https://github.com/wienkit/bol-plaza-php-client.git",
                "reference": "a54cfaf63c6b322d130a72acc1d115965f1a0912"
            },
            "dist": {
                "type": "zip",
                "url": "https://api.github.com/repos/wienkit/bol-plaza-php-client/zipball/a54cfaf63c6b322d130a72acc1d115965f1a0912",
                "reference": "a54cfaf63c6b322d130a72acc1d115965f1a0912",
                "shasum": ""
            },
            "require": {
                "php": ">=5.5.9"
            },
            "require-dev": {
                "phpunit/phpunit": "*"
            },
            "type": "library",
            "autoload": {
                "psr-4": {
                    "Wienkit\\BolPlazaClient\\": "src/"
                }
            },
            "notification-url": "https://packagist.org/downloads/",
            "license": [
                "MIT"
            ],
            "authors": [
                {
                    "name": "Mark Wienk",
                    "email": "info@wienkit.com"
                }
            ],
            "description": "A PHP Client for the BOL.com Plaza API",
            "homepage": "http://github.com/wienkit/bol-plaza-php-client",
            "keywords": [
                "Bol.com",
                "api",
                "bol",
                "php",
                "plaza"
            ],
            "time": "2017-04-07T13:31:56+00:00"
        }
    ],
    "packages-dev": [],
    "aliases": [],
    "minimum-stability": "dev",
    "stability-flags": [],
    "prefer-stable": false,
    "prefer-lowest": false,
    "platform": [],
    "platform-dev": []
}
