{
    "_readme": [
        "This file locks the dependencies of your project to a known state",
        "Read more about it at https://getcomposer.org/doc/01-basic-usage.md#composer-lock-the-lock-file",
        "This file is @generated automatically"
    ],
    "hash": "1f339aa15c0cdf396a805d1a49e88cb1",
    "content-hash": "3edfc0c7a14b75506e110a5cf5cceb48",
    "packages": [
        {
            "name": "picqer/bol-plaza-php-client",
            "version": "2.0.0",
            "source": {
                "type": "git",
                "url": "https://github.com/wienkit/bol-plaza-php-client.git",
                "reference": "552a9dd"
            },
            "type": "library"
        }
    ],
    "packages-dev": [],
    "aliases": [],
    "minimum-stability": "dev",
    "stability-flags": [],
    "prefer-stable": false,
    "prefer-lowest": false,
    "platform": [],
    "platform-dev": []
}
